// !$*UTF8*$!
{
	archiveVersion = 1;
	classes = {
	};
	objectVersion = 46;
	objects = {

/* Begin PBXBuildFile section */
		70186E131BC8F2350082A71F /* main.m in Sources */ = {isa = PBXBuildFile; fileRef = 70186E121BC8F2350082A71F /* main.m */; };
		70186E161BC8F2350082A71F /* AppDelegate.m in Sources */ = {isa = PBXBuildFile; fileRef = 70186E151BC8F2350082A71F /* AppDelegate.m */; };
		70186E191BC8F2350082A71F /* ViewController.m in Sources */ = {isa = PBXBuildFile; fileRef = 70186E181BC8F2350082A71F /* ViewController.m */; };
		70186E1C1BC8F2350082A71F /* Main.storyboard in Resources */ = {isa = PBXBuildFile; fileRef = 70186E1A1BC8F2350082A71F /* Main.storyboard */; };
		70186E1E1BC8F2350082A71F /* Assets.xcassets in Resources */ = {isa = PBXBuildFile; fileRef = 70186E1D1BC8F2350082A71F /* Assets.xcassets */; };
		70186E211BC8F2350082A71F /* LaunchScreen.storyboard in Resources */ = {isa = PBXBuildFile; fileRef = 70186E1F1BC8F2350082A71F /* LaunchScreen.storyboard */; };
		70186E2C1BC8F2350082A71F /* _4_OS2_tableViewTests.m in Sources */ = {isa = PBXBuildFile; fileRef = 70186E2B1BC8F2350082A71F /* _4_OS2_tableViewTests.m */; };
		70186E371BC8F2350082A71F /* _4_OS2_tableViewUITests.m in Sources */ = {isa = PBXBuildFile; fileRef = 70186E361BC8F2350082A71F /* _4_OS2_tableViewUITests.m */; };
		70186E3C1BC8F2350082A71F /* 04-OS2-tableView WatchKit App.app in Embed Watch Content */ = {isa = PBXBuildFile; fileRef = 70186E3B1BC8F2350082A71F /* 04-OS2-tableView WatchKit App.app */; };
		70186E421BC8F2350082A71F /* Interface.storyboard in Resources */ = {isa = PBXBuildFile; fileRef = 70186E401BC8F2350082A71F /* Interface.storyboard */; };
		70186E441BC8F2350082A71F /* Assets.xcassets in Resources */ = {isa = PBXBuildFile; fileRef = 70186E431BC8F2350082A71F /* Assets.xcassets */; };
		70186E4B1BC8F2350082A71F /* 04-OS2-tableView WatchKit Extension.appex in Embed App Extensions */ = {isa = PBXBuildFile; fileRef = 70186E4A1BC8F2350082A71F /* 04-OS2-tableView WatchKit Extension.appex */; settings = {ATTRIBUTES = (RemoveHeadersOnCopy, ); }; };
		70186E531BC8F2350082A71F /* InterfaceController.m in Sources */ = {isa = PBXBuildFile; fileRef = 70186E521BC8F2350082A71F /* InterfaceController.m */; };
		70186E561BC8F2350082A71F /* ExtensionDelegate.m in Sources */ = {isa = PBXBuildFile; fileRef = 70186E551BC8F2350082A71F /* ExtensionDelegate.m */; };
		70186E591BC8F2350082A71F /* NotificationController.m in Sources */ = {isa = PBXBuildFile; fileRef = 70186E581BC8F2350082A71F /* NotificationController.m */; };
		70186E5B1BC8F2350082A71F /* Assets.xcassets in Resources */ = {isa = PBXBuildFile; fileRef = 70186E5A1BC8F2350082A71F /* Assets.xcassets */; };
		70186E721BC8F57D0082A71F /* XMGCell.m in Sources */ = {isa = PBXBuildFile; fileRef = 70186E711BC8F57D0082A71F /* XMGCell.m */; settings = {ASSET_TAGS = (); }; };
		70186E841BC8FA8F0082A71F /* img_00.png in Resources */ = {isa = PBXBuildFile; fileRef = 70186E7F1BC8FA8F0082A71F /* img_00.png */; settings = {ASSET_TAGS = (); }; };
		70186E851BC8FA8F0082A71F /* img_01.png in Resources */ = {isa = PBXBuildFile; fileRef = 70186E801BC8FA8F0082A71F /* img_01.png */; settings = {ASSET_TAGS = (); }; };
		70186E861BC8FA8F0082A71F /* img_02.png in Resources */ = {isa = PBXBuildFile; fileRef = 70186E811BC8FA8F0082A71F /* img_02.png */; settings = {ASSET_TAGS = (); }; };
		70186E871BC8FA8F0082A71F /* img_03.png in Resources */ = {isa = PBXBuildFile; fileRef = 70186E821BC8FA8F0082A71F /* img_03.png */; settings = {ASSET_TAGS = (); }; };
		70186E881BC8FA8F0082A71F /* img_04.png in Resources */ = {isa = PBXBuildFile; fileRef = 70186E831BC8FA8F0082A71F /* img_04.png */; settings = {ASSET_TAGS = (); }; };
/* End PBXBuildFile section */

/* Begin PBXContainerItemProxy section */
		70186E281BC8F2350082A71F /* PBXContainerItemProxy */ = {
			isa = PBXContainerItemProxy;
			containerPortal = 70186E061BC8F2350082A71F /* Project object */;
			proxyType = 1;
			remoteGlobalIDString = 70186E0D1BC8F2350082A71F;
			remoteInfo = "04-OS2-tableView";
		};
		70186E331BC8F2350082A71F /* PBXContainerItemProxy */ = {
			isa = PBXContainerItemProxy;
			containerPortal = 70186E061BC8F2350082A71F /* Project object */;
			proxyType = 1;
			remoteGlobalIDString = 70186E0D1BC8F2350082A71F;
			remoteInfo = "04-OS2-tableView";
		};
		70186E3D1BC8F2350082A71F /* PBXContainerItemProxy */ = {
			isa = PBXContainerItemProxy;
			containerPortal = 70186E061BC8F2350082A71F /* Project object */;
			proxyType = 1;
			remoteGlobalIDString = 70186E3A1BC8F2350082A71F;
			remoteInfo = "04-OS2-tableView WatchKit App";
		};
		70186E4C1BC8F2350082A71F /* PBXContainerItemProxy */ = {
			isa = PBXContainerItemProxy;
			containerPortal = 70186E061BC8F2350082A71F /* Project object */;
			proxyType = 1;
			remoteGlobalIDString = 70186E491BC8F2350082A71F;
			remoteInfo = "04-OS2-tableView WatchKit Extension";
		};
/* End PBXContainerItemProxy section */

/* Begin PBXCopyFilesBuildPhase section */
		70186E621BC8F2350082A71F /* Embed App Extensions */ = {
			isa = PBXCopyFilesBuildPhase;
			buildActionMask = 2147483647;
			dstPath = "";
			dstSubfolderSpec = 13;
			files = (
				70186E4B1BC8F2350082A71F /* 04-OS2-tableView WatchKit Extension.appex in Embed App Extensions */,
			);
			name = "Embed App Extensions";
			runOnlyForDeploymentPostprocessing = 0;
		};
		70186E661BC8F2350082A71F /* Embed Watch Content */ = {
			isa = PBXCopyFilesBuildPhase;
			buildActionMask = 2147483647;
			dstPath = "$(CONTENTS_FOLDER_PATH)/Watch";
			dstSubfolderSpec = 16;
			files = (
				70186E3C1BC8F2350082A71F /* 04-OS2-tableView WatchKit App.app in Embed Watch Content */,
			);
			name = "Embed Watch Content";
			runOnlyForDeploymentPostprocessing = 0;
		};
/* End PBXCopyFilesBuildPhase section */

/* Begin PBXFileReference section */
		70186E0E1BC8F2350082A71F /* 04-OS2-tableView.app */ = {isa = PBXFileReference; explicitFileType = wrapper.application; includeInIndex = 0; path = "04-OS2-tableView.app"; sourceTree = BUILT_PRODUCTS_DIR; };
		70186E121BC8F2350082A71F /* main.m */ = {isa = PBXFileReference; lastKnownFileType = sourcecode.c.objc; path = main.m; sourceTree = "<group>"; };
		70186E141BC8F2350082A71F /* AppDelegate.h */ = {isa = PBXFileReference; lastKnownFileType = sourcecode.c.h; path = AppDelegate.h; sourceTree = "<group>"; };
		70186E151BC8F2350082A71F /* AppDelegate.m */ = {isa = PBXFileReference; lastKnownFileType = sourcecode.c.objc; path = AppDelegate.m; sourceTree = "<group>"; };
		70186E171BC8F2350082A71F /* ViewController.h */ = {isa = PBXFileReference; lastKnownFileType = sourcecode.c.h; path = ViewController.h; sourceTree = "<group>"; };
		70186E181BC8F2350082A71F /* ViewController.m */ = {isa = PBXFileReference; lastKnownFileType = sourcecode.c.objc; path = ViewController.m; sourceTree = "<group>"; };
		70186E1B1BC8F2350082A71F /* Base */ = {isa = PBXFileReference; lastKnownFileType = file.storyboard; name = Base; path = Base.lproj/Main.storyboard; sourceTree = "<group>"; };
		70186E1D1BC8F2350082A71F /* Assets.xcassets */ = {isa = PBXFileReference; lastKnownFileType = folder.assetcatalog; path = Assets.xcassets; sourceTree = "<group>"; };
		70186E201BC8F2350082A71F /* Base */ = {isa = PBXFileReference; lastKnownFileType = file.storyboard; name = Base; path = Base.lproj/LaunchScreen.storyboard; sourceTree = "<group>"; };
		70186E221BC8F2350082A71F /* Info.plist */ = {isa = PBXFileReference; lastKnownFileType = text.plist.xml; path = Info.plist; sourceTree = "<group>"; };
		70186E271BC8F2350082A71F /* 04-OS2-tableViewTests.xctest */ = {isa = PBXFileReference; explicitFileType = wrapper.cfbundle; includeInIndex = 0; path = "04-OS2-tableViewTests.xctest"; sourceTree = BUILT_PRODUCTS_DIR; };
		70186E2B1BC8F2350082A71F /* _4_OS2_tableViewTests.m */ = {isa = PBXFileReference; lastKnownFileType = sourcecode.c.objc; path = _4_OS2_tableViewTests.m; sourceTree = "<group>"; };
		70186E2D1BC8F2350082A71F /* Info.plist */ = {isa = PBXFileReference; lastKnownFileType = text.plist.xml; path = Info.plist; sourceTree = "<group>"; };
		70186E321BC8F2350082A71F /* 04-OS2-tableViewUITests.xctest */ = {isa = PBXFileReference; explicitFileType = wrapper.cfbundle; includeInIndex = 0; path = "04-OS2-tableViewUITests.xctest"; sourceTree = BUILT_PRODUCTS_DIR; };
		70186E361BC8F2350082A71F /* _4_OS2_tableViewUITests.m */ = {isa = PBXFileReference; lastKnownFileType = sourcecode.c.objc; path = _4_OS2_tableViewUITests.m; sourceTree = "<group>"; };
		70186E381BC8F2350082A71F /* Info.plist */ = {isa = PBXFileReference; lastKnownFileType = text.plist.xml; path = Info.plist; sourceTree = "<group>"; };
		70186E3B1BC8F2350082A71F /* 04-OS2-tableView WatchKit App.app */ = {isa = PBXFileReference; explicitFileType = wrapper.application; includeInIndex = 0; path = "04-OS2-tableView WatchKit App.app"; sourceTree = BUILT_PRODUCTS_DIR; };
		70186E411BC8F2350082A71F /* Base */ = {isa = PBXFileReference; lastKnownFileType = file.storyboard; name = Base; path = Base.lproj/Interface.storyboard; sourceTree = "<group>"; };
		70186E431BC8F2350082A71F /* Assets.xcassets */ = {isa = PBXFileReference; lastKnownFileType = folder.assetcatalog; path = Assets.xcassets; sourceTree = "<group>"; };
		70186E451BC8F2350082A71F /* Info.plist */ = {isa = PBXFileReference; lastKnownFileType = text.plist.xml; path = Info.plist; sourceTree = "<group>"; };
		70186E4A1BC8F2350082A71F /* 04-OS2-tableView WatchKit Extension.appex */ = {isa = PBXFileReference; explicitFileType = "wrapper.app-extension"; includeInIndex = 0; path = "04-OS2-tableView WatchKit Extension.appex"; sourceTree = BUILT_PRODUCTS_DIR; };
		70186E501BC8F2350082A71F /* PushNotificationPayload.apns */ = {isa = PBXFileReference; lastKnownFileType = text; path = PushNotificationPayload.apns; sourceTree = "<group>"; };
		70186E511BC8F2350082A71F /* InterfaceController.h */ = {isa = PBXFileReference; lastKnownFileType = sourcecode.c.h; path = InterfaceController.h; sourceTree = "<group>"; };
		70186E521BC8F2350082A71F /* InterfaceController.m */ = {isa = PBXFileReference; lastKnownFileType = sourcecode.c.objc; path = InterfaceController.m; sourceTree = "<group>"; };
		70186E541BC8F2350082A71F /* ExtensionDelegate.h */ = {isa = PBXFileReference; lastKnownFileType = sourcecode.c.h; path = ExtensionDelegate.h; sourceTree = "<group>"; };
		70186E551BC8F2350082A71F /* ExtensionDelegate.m */ = {isa = PBXFileReference; lastKnownFileType = sourcecode.c.objc; path = ExtensionDelegate.m; sourceTree = "<group>"; };
		70186E571BC8F2350082A71F /* NotificationController.h */ = {isa = PBXFileReference; lastKnownFileType = sourcecode.c.h; path = NotificationController.h; sourceTree = "<group>"; };
		70186E581BC8F2350082A71F /* NotificationController.m */ = {isa = PBXFileReference; lastKnownFileType = sourcecode.c.objc; path = NotificationController.m; sourceTree = "<group>"; };
		70186E5A1BC8F2350082A71F /* Assets.xcassets */ = {isa = PBXFileReference; lastKnownFileType = folder.assetcatalog; path = Assets.xcassets; sourceTree = "<group>"; };
		70186E5C1BC8F2350082A71F /* Info.plist */ = {isa = PBXFileReference; lastKnownFileType = text.plist.xml; path = Info.plist; sourceTree = "<group>"; };
		70186E701BC8F57D0082A71F /* XMGCell.h */ = {isa = PBXFileReference; fileEncoding = 4; lastKnownFileType = sourcecode.c.h; path = XMGCell.h; sourceTree = "<group>"; };
		70186E711BC8F57D0082A71F /* XMGCell.m */ = {isa = PBXFileReference; fileEncoding = 4; lastKnownFileType = sourcecode.c.objc; path = XMGCell.m; sourceTree = "<group>"; };
		70186E7F1BC8FA8F0082A71F /* img_00.png */ = {isa = PBXFileReference; lastKnownFileType = image.png; path = img_00.png; sourceTree = "<group>"; };
		70186E801BC8FA8F0082A71F /* img_01.png */ = {isa = PBXFileReference; lastKnownFileType = image.png; path = img_01.png; sourceTree = "<group>"; };
		70186E811BC8FA8F0082A71F /* img_02.png */ = {isa = PBXFileReference; lastKnownFileType = image.png; path = img_02.png; sourceTree = "<group>"; };
		70186E821BC8FA8F0082A71F /* img_03.png */ = {isa = PBXFileReference; lastKnownFileType = image.png; path = img_03.png; sourceTree = "<group>"; };
		70186E831BC8FA8F0082A71F /* img_04.png */ = {isa = PBXFileReference; lastKnownFileType = image.png; path = img_04.png; sourceTree = "<group>"; };
/* End PBXFileReference section */

/* Begin PBXFrameworksBuildPhase section */
		70186E0B1BC8F2350082A71F /* Frameworks */ = {
			isa = PBXFrameworksBuildPhase;
			buildActionMask = 2147483647;
			files = (
			);
			runOnlyForDeploymentPostprocessing = 0;
		};
		70186E241BC8F2350082A71F /* Frameworks */ = {
			isa = PBXFrameworksBuildPhase;
			buildActionMask = 2147483647;
			files = (
			);
			runOnlyForDeploymentPostprocessing = 0;
		};
		70186E2F1BC8F2350082A71F /* Frameworks */ = {
			isa = PBXFrameworksBuildPhase;
			buildActionMask = 2147483647;
			files = (
			);
			runOnlyForDeploymentPostprocessing = 0;
		};
		70186E471BC8F2350082A71F /* Frameworks */ = {
			isa = PBXFrameworksBuildPhase;
			buildActionMask = 2147483647;
			files = (
			);
			runOnlyForDeploymentPostprocessing = 0;
		};
/* End PBXFrameworksBuildPhase section */

/* Begin PBXGroup section */
		70186E051BC8F2350082A71F = {
			isa = PBXGroup;
			children = (
				70186E101BC8F2350082A71F /* 04-OS2-tableView */,
				70186E2A1BC8F2350082A71F /* 04-OS2-tableViewTests */,
				70186E351BC8F2350082A71F /* 04-OS2-tableViewUITests */,
				70186E3F1BC8F2350082A71F /* 04-OS2-tableView WatchKit App */,
				70186E4E1BC8F2350082A71F /* 04-OS2-tableView WatchKit Extension */,
				70186E0F1BC8F2350082A71F /* Products */,
			);
			sourceTree = "<group>";
		};
		70186E0F1BC8F2350082A71F /* Products */ = {
			isa = PBXGroup;
			children = (
				70186E0E1BC8F2350082A71F /* 04-OS2-tableView.app */,
				70186E271BC8F2350082A71F /* 04-OS2-tableViewTests.xctest */,
				70186E321BC8F2350082A71F /* 04-OS2-tableViewUITests.xctest */,
				70186E3B1BC8F2350082A71F /* 04-OS2-tableView WatchKit App.app */,
				70186E4A1BC8F2350082A71F /* 04-OS2-tableView WatchKit Extension.appex */,
			);
			name = Products;
			sourceTree = "<group>";
		};
		70186E101BC8F2350082A71F /* 04-OS2-tableView */ = {
			isa = PBXGroup;
			children = (
				70186E141BC8F2350082A71F /* AppDelegate.h */,
				70186E151BC8F2350082A71F /* AppDelegate.m */,
				70186E171BC8F2350082A71F /* ViewController.h */,
				70186E181BC8F2350082A71F /* ViewController.m */,
				70186E1A1BC8F2350082A71F /* Main.storyboard */,
				70186E1D1BC8F2350082A71F /* Assets.xcassets */,
				70186E1F1BC8F2350082A71F /* LaunchScreen.storyboard */,
				70186E221BC8F2350082A71F /* Info.plist */,
				70186E111BC8F2350082A71F /* Supporting Files */,
			);
			path = "04-OS2-tableView";
			sourceTree = "<group>";
		};
		70186E111BC8F2350082A71F /* Supporting Files */ = {
			isa = PBXGroup;
			children = (
				70186E121BC8F2350082A71F /* main.m */,
			);
			name = "Supporting Files";
			sourceTree = "<group>";
		};
		70186E2A1BC8F2350082A71F /* 04-OS2-tableViewTests */ = {
			isa = PBXGroup;
			children = (
				70186E2B1BC8F2350082A71F /* _4_OS2_tableViewTests.m */,
				70186E2D1BC8F2350082A71F /* Info.plist */,
			);
			path = "04-OS2-tableViewTests";
			sourceTree = "<group>";
		};
		70186E351BC8F2350082A71F /* 04-OS2-tableViewUITests */ = {
			isa = PBXGroup;
			children = (
				70186E361BC8F2350082A71F /* _4_OS2_tableViewUITests.m */,
				70186E381BC8F2350082A71F /* Info.plist */,
			);
			path = "04-OS2-tableViewUITests";
			sourceTree = "<group>";
		};
		70186E3F1BC8F2350082A71F /* 04-OS2-tableView WatchKit App */ = {
			isa = PBXGroup;
			children = (
				70186E401BC8F2350082A71F /* Interface.storyboard */,
				70186E431BC8F2350082A71F /* Assets.xcassets */,
				70186E451BC8F2350082A71F /* Info.plist */,
			);
			path = "04-OS2-tableView WatchKit App";
			sourceTree = "<group>";
		};
		70186E4E1BC8F2350082A71F /* 04-OS2-tableView WatchKit Extension */ = {
			isa = PBXGroup;
			children = (
				70186E7E1BC8FA8F0082A71F /* Page */,
				70186E511BC8F2350082A71F /* InterfaceController.h */,
				70186E521BC8F2350082A71F /* InterfaceController.m */,
				70186E701BC8F57D0082A71F /* XMGCell.h */,
				70186E711BC8F57D0082A71F /* XMGCell.m */,
				70186E541BC8F2350082A71F /* ExtensionDelegate.h */,
				70186E551BC8F2350082A71F /* ExtensionDelegate.m */,
				70186E571BC8F2350082A71F /* NotificationController.h */,
				70186E581BC8F2350082A71F /* NotificationController.m */,
				70186E5A1BC8F2350082A71F /* Assets.xcassets */,
				70186E5C1BC8F2350082A71F /* Info.plist */,
				70186E4F1BC8F2350082A71F /* Supporting Files */,
			);
			path = "04-OS2-tableView WatchKit Extension";
			sourceTree = "<group>";
		};
		70186E4F1BC8F2350082A71F /* Supporting Files */ = {
			isa = PBXGroup;
			children = (
				70186E501BC8F2350082A71F /* PushNotificationPayload.apns */,
			);
			name = "Supporting Files";
			sourceTree = "<group>";
		};
		70186E7E1BC8FA8F0082A71F /* Page */ = {
			isa = PBXGroup;
			children = (
				70186E7F1BC8FA8F0082A71F /* img_00.png */,
				70186E801BC8FA8F0082A71F /* img_01.png */,
				70186E811BC8FA8F0082A71F /* img_02.png */,
				70186E821BC8FA8F0082A71F /* img_03.png */,
				70186E831BC8FA8F0082A71F /* img_04.png */,
			);
			path = Page;
			sourceTree = "<group>";
		};
/* End PBXGroup section */

/* Begin PBXNativeTarget section */
		70186E0D1BC8F2350082A71F /* 04-OS2-tableView */ = {
			isa = PBXNativeTarget;
			buildConfigurationList = 70186E671BC8F2350082A71F /* Build configuration list for PBXNativeTarget "04-OS2-tableView" */;
			buildPhases = (
				70186E0A1BC8F2350082A71F /* Sources */,
				70186E0B1BC8F2350082A71F /* Frameworks */,
				70186E0C1BC8F2350082A71F /* Resources */,
				70186E661BC8F2350082A71F /* Embed Watch Content */,
			);
			buildRules = (
			);
			dependencies = (
				70186E3E1BC8F2350082A71F /* PBXTargetDependency */,
			);
			name = "04-OS2-tableView";
			productName = "04-OS2-tableView";
			productReference = 70186E0E1BC8F2350082A71F /* 04-OS2-tableView.app */;
			productType = "com.apple.product-type.application";
		};
		70186E261BC8F2350082A71F /* 04-OS2-tableViewTests */ = {
			isa = PBXNativeTarget;
			buildConfigurationList = 70186E6A1BC8F2350082A71F /* Build configuration list for PBXNativeTarget "04-OS2-tableViewTests" */;
			buildPhases = (
				70186E231BC8F2350082A71F /* Sources */,
				70186E241BC8F2350082A71F /* Frameworks */,
				70186E251BC8F2350082A71F /* Resources */,
			);
			buildRules = (
			);
			dependencies = (
				70186E291BC8F2350082A71F /* PBXTargetDependency */,
			);
			name = "04-OS2-tableViewTests";
			productName = "04-OS2-tableViewTests";
			productReference = 70186E271BC8F2350082A71F /* 04-OS2-tableViewTests.xctest */;
			productType = "com.apple.product-type.bundle.unit-test";
		};
		70186E311BC8F2350082A71F /* 04-OS2-tableViewUITests */ = {
			isa = PBXNativeTarget;
			buildConfigurationList = 70186E6D1BC8F2350082A71F /* Build configuration list for PBXNativeTarget "04-OS2-tableViewUITests" */;
			buildPhases = (
				70186E2E1BC8F2350082A71F /* Sources */,
				70186E2F1BC8F2350082A71F /* Frameworks */,
				70186E301BC8F2350082A71F /* Resources */,
			);
			buildRules = (
			);
			dependencies = (
				70186E341BC8F2350082A71F /* PBXTargetDependency */,
			);
			name = "04-OS2-tableViewUITests";
			productName = "04-OS2-tableViewUITests";
			productReference = 70186E321BC8F2350082A71F /* 04-OS2-tableViewUITests.xctest */;
			productType = "com.apple.product-type.bundle.ui-testing";
		};
		70186E3A1BC8F2350082A71F /* 04-OS2-tableView WatchKit App */ = {
			isa = PBXNativeTarget;
			buildConfigurationList = 70186E631BC8F2350082A71F /* Build configuration list for PBXNativeTarget "04-OS2-tableView WatchKit App" */;
			buildPhases = (
				70186E391BC8F2350082A71F /* Resources */,
				70186E621BC8F2350082A71F /* Embed App Extensions */,
			);
			buildRules = (
			);
			dependencies = (
				70186E4D1BC8F2350082A71F /* PBXTargetDependency */,
			);
			name = "04-OS2-tableView WatchKit App";
			productName = "04-OS2-tableView WatchKit App";
			productReference = 70186E3B1BC8F2350082A71F /* 04-OS2-tableView WatchKit App.app */;
			productType = "com.apple.product-type.application.watchapp2";
		};
		70186E491BC8F2350082A71F /* 04-OS2-tableView WatchKit Extension */ = {
			isa = PBXNativeTarget;
			buildConfigurationList = 70186E5F1BC8F2350082A71F /* Build configuration list for PBXNativeTarget "04-OS2-tableView WatchKit Extension" */;
			buildPhases = (
				70186E461BC8F2350082A71F /* Sources */,
				70186E471BC8F2350082A71F /* Frameworks */,
				70186E481BC8F2350082A71F /* Resources */,
			);
			buildRules = (
			);
			dependencies = (
			);
			name = "04-OS2-tableView WatchKit Extension";
			productName = "04-OS2-tableView WatchKit Extension";
			productReference = 70186E4A1BC8F2350082A71F /* 04-OS2-tableView WatchKit Extension.appex */;
			productType = "com.apple.product-type.watchkit2-extension";
		};
/* End PBXNativeTarget section */

/* Begin PBXProject section */
		70186E061BC8F2350082A71F /* Project object */ = {
			isa = PBXProject;
			attributes = {
				LastUpgradeCheck = 0700;
				ORGANIZATIONNAME = "小码哥";
				TargetAttributes = {
					70186E0D1BC8F2350082A71F = {
						CreatedOnToolsVersion = 7.0;
					};
					70186E261BC8F2350082A71F = {
						CreatedOnToolsVersion = 7.0;
						TestTargetID = 70186E0D1BC8F2350082A71F;
					};
					70186E311BC8F2350082A71F = {
						CreatedOnToolsVersion = 7.0;
						TestTargetID = 70186E0D1BC8F2350082A71F;
					};
					70186E3A1BC8F2350082A71F = {
						CreatedOnToolsVersion = 7.0;
					};
					70186E491BC8F2350082A71F = {
						CreatedOnToolsVersion = 7.0;
					};
				};
			};
			buildConfigurationList = 70186E091BC8F2350082A71F /* Build configuration list for PBXProject "04-OS2-tableView" */;
			compatibilityVersion = "Xcode 3.2";
			developmentRegion = English;
			hasScannedForEncodings = 0;
			knownRegions = (
				en,
				Base,
			);
			mainGroup = 70186E051BC8F2350082A71F;
			productRefGroup = 70186E0F1BC8F2350082A71F /* Products */;
			projectDirPath = "";
			projectRoot = "";
			targets = (
				70186E0D1BC8F2350082A71F /* 04-OS2-tableView */,
				70186E261BC8F2350082A71F /* 04-OS2-tableViewTests */,
				70186E311BC8F2350082A71F /* 04-OS2-tableViewUITests */,
				70186E3A1BC8F2350082A71F /* 04-OS2-tableView WatchKit App */,
				70186E491BC8F2350082A71F /* 04-OS2-tableView WatchKit Extension */,
			);
		};
/* End PBXProject section */

/* Begin PBXResourcesBuildPhase section */
		70186E0C1BC8F2350082A71F /* Resources */ = {
			isa = PBXResourcesBuildPhase;
			buildActionMask = 2147483647;
			files = (
				70186E211BC8F2350082A71F /* LaunchScreen.storyboard in Resources */,
				70186E1E1BC8F2350082A71F /* Assets.xcassets in Resources */,
				70186E1C1BC8F2350082A71F /* Main.storyboard in Resources */,
			);
			runOnlyForDeploymentPostprocessing = 0;
		};
		70186E251BC8F2350082A71F /* Resources */ = {
			isa = PBXResourcesBuildPhase;
			buildActionMask = 2147483647;
			files = (
			);
			runOnlyForDeploymentPostprocessing = 0;
		};
		70186E301BC8F2350082A71F /* Resources */ = {
			isa = PBXResourcesBuildPhase;
			buildActionMask = 2147483647;
			files = (
			);
			runOnlyForDeploymentPostprocessing = 0;
		};
		70186E391BC8F2350082A71F /* Resources */ = {
			isa = PBXResourcesBuildPhase;
			buildActionMask = 2147483647;
			files = (
				70186E441BC8F2350082A71F /* Assets.xcassets in Resources */,
				70186E421BC8F2350082A71F /* Interface.storyboard in Resources */,
			);
			runOnlyForDeploymentPostprocessing = 0;
		};
		70186E481BC8F2350082A71F /* Resources */ = {
			isa = PBXResourcesBuildPhase;
			buildActionMask = 2147483647;
			files = (
				70186E5B1BC8F2350082A71F /* Assets.xcassets in Resources */,
				70186E881BC8FA8F0082A71F /* img_04.png in Resources */,
				70186E871BC8FA8F0082A71F /* img_03.png in Resources */,
				70186E851BC8FA8F0082A71F /* img_01.png in Resources */,
				70186E841BC8FA8F0082A71F /* img_00.png in Resources */,
				70186E861BC8FA8F0082A71F /* img_02.png in Resources */,
			);
			runOnlyForDeploymentPostprocessing = 0;
		};
/* End PBXResourcesBuildPhase section */

/* Begin PBXSourcesBuildPhase section */
		70186E0A1BC8F2350082A71F /* Sources */ = {
			isa = PBXSourcesBuildPhase;
			buildActionMask = 2147483647;
			files = (
				70186E191BC8F2350082A71F /* ViewController.m in Sources */,
				70186E161BC8F2350082A71F /* AppDelegate.m in Sources */,
				70186E131BC8F2350082A71F /* main.m in Sources */,
			);
			runOnlyForDeploymentPostprocessing = 0;
		};
		70186E231BC8F2350082A71F /* Sources */ = {
			isa = PBXSourcesBuildPhase;
			buildActionMask = 2147483647;
			files = (
				70186E2C1BC8F2350082A71F /* _4_OS2_tableViewTests.m in Sources */,
			);
			runOnlyForDeploymentPostprocessing = 0;
		};
		70186E2E1BC8F2350082A71F /* Sources */ = {
			isa = PBXSourcesBuildPhase;
			buildActionMask = 2147483647;
			files = (
				70186E371BC8F2350082A71F /* _4_OS2_tableViewUITests.m in Sources */,
			);
			runOnlyForDeploymentPostprocessing = 0;
		};
		70186E461BC8F2350082A71F /* Sources */ = {
			isa = PBXSourcesBuildPhase;
			buildActionMask = 2147483647;
			files = (
				70186E721BC8F57D0082A71F /* XMGCell.m in Sources */,
				70186E561BC8F2350082A71F /* ExtensionDelegate.m in Sources */,
				70186E531BC8F2350082A71F /* InterfaceController.m in Sources */,
				70186E591BC8F2350082A71F /* NotificationController.m in Sources */,
			);
			runOnlyForDeploymentPostprocessing = 0;
		};
/* End PBXSourcesBuildPhase section */

/* Begin PBXTargetDependency section */
		70186E291BC8F2350082A71F /* PBXTargetDependency */ = {
			isa = PBXTargetDependency;
			target = 70186E0D1BC8F2350082A71F /* 04-OS2-tableView */;
			targetProxy = 70186E281BC8F2350082A71F /* PBXContainerItemProxy */;
		};
		70186E341BC8F2350082A71F /* PBXTargetDependency */ = {
			isa = PBXTargetDependency;
			target = 70186E0D1BC8F2350082A71F /* 04-OS2-tableView */;
			targetProxy = 70186E331BC8F2350082A71F /* PBXContainerItemProxy */;
		};
		70186E3E1BC8F2350082A71F /* PBXTargetDependency */ = {
			isa = PBXTargetDependency;
			target = 70186E3A1BC8F2350082A71F /* 04-OS2-tableView WatchKit App */;
			targetProxy = 70186E3D1BC8F2350082A71F /* PBXContainerItemProxy */;
		};
		70186E4D1BC8F2350082A71F /* PBXTargetDependency */ = {
			isa = PBXTargetDependency;
			target = 70186E491BC8F2350082A71F /* 04-OS2-tableView WatchKit Extension */;
			targetProxy = 70186E4C1BC8F2350082A71F /* PBXContainerItemProxy */;
		};
/* End PBXTargetDependency section */

/* Begin PBXVariantGroup section */
		70186E1A1BC8F2350082A71F /* Main.storyboard */ = {
			isa = PBXVariantGroup;
			children = (
				70186E1B1BC8F2350082A71F /* Base */,
			);
			name = Main.storyboard;
			sourceTree = "<group>";
		};
		70186E1F1BC8F2350082A71F /* LaunchScreen.storyboard */ = {
			isa = PBXVariantGroup;
			children = (
				70186E201BC8F2350082A71F /* Base */,
			);
			name = LaunchScreen.storyboard;
			sourceTree = "<group>";
		};
		70186E401BC8F2350082A71F /* Interface.storyboard */ = {
			isa = PBXVariantGroup;
			children = (
				70186E411BC8F2350082A71F /* Base */,
			);
			name = Interface.storyboard;
			sourceTree = "<group>";
		};
/* End PBXVariantGroup section */

/* Begin XCBuildConfiguration section */
		70186E5D1BC8F2350082A71F /* Debug */ = {
			isa = XCBuildConfiguration;
			buildSettings = {
				ALWAYS_SEARCH_USER_PATHS = NO;
				CLANG_CXX_LANGUAGE_STANDARD = "gnu++0x";
				CLANG_CXX_LIBRARY = "libc++";
				CLANG_ENABLE_MODULES = YES;
				CLANG_ENABLE_OBJC_ARC = YES;
				CLANG_WARN_BOOL_CONVERSION = YES;
				CLANG_WARN_CONSTANT_CONVERSION = YES;
				CLANG_WARN_DIRECT_OBJC_ISA_USAGE = YES_ERROR;
				CLANG_WARN_EMPTY_BODY = YES;
				CLANG_WARN_ENUM_CONVERSION = YES;
				CLANG_WARN_INT_CONVERSION = YES;
				CLANG_WARN_OBJC_ROOT_CLASS = YES_ERROR;
				CLANG_WARN_UNREACHABLE_CODE = YES;
				CLANG_WARN__DUPLICATE_METHOD_MATCH = YES;
				"CODE_SIGN_IDENTITY[sdk=iphoneos*]" = "iPhone Developer";
				COPY_PHASE_STRIP = NO;
				DEBUG_INFORMATION_FORMAT = dwarf;
				ENABLE_STRICT_OBJC_MSGSEND = YES;
				ENABLE_TESTABILITY = YES;
				GCC_C_LANGUAGE_STANDARD = gnu99;
				GCC_DYNAMIC_NO_PIC = NO;
				GCC_NO_COMMON_BLOCKS = YES;
				GCC_OPTIMIZATION_LEVEL = 0;
				GCC_PREPROCESSOR_DEFINITIONS = (
					"DEBUG=1",
					"$(inherited)",
				);
				GCC_WARN_64_TO_32_BIT_CONVERSION = YES;
				GCC_WARN_ABOUT_RETURN_TYPE = YES_ERROR;
				GCC_WARN_UNDECLARED_SELECTOR = YES;
				GCC_WARN_UNINITIALIZED_AUTOS = YES_AGGRESSIVE;
				GCC_WARN_UNUSED_FUNCTION = YES;
				GCC_WARN_UNUSED_VARIABLE = YES;
				IPHONEOS_DEPLOYMENT_TARGET = 9.0;
				MTL_ENABLE_DEBUG_INFO = YES;
				ONLY_ACTIVE_ARCH = YES;
				SDKROOT = iphoneos;
			};
			name = Debug;
		};
		70186E5E1BC8F2350082A71F /* Release */ = {
			isa = XCBuildConfiguration;
			buildSettings = {
				ALWAYS_SEARCH_USER_PATHS = NO;
				CLANG_CXX_LANGUAGE_STANDARD = "gnu++0x";
				CLANG_CXX_LIBRARY = "libc++";
				CLANG_ENABLE_MODULES = YES;
				CLANG_ENABLE_OBJC_ARC = YES;
				CLANG_WARN_BOOL_CONVERSION = YES;
				CLANG_WARN_CONSTANT_CONVERSION = YES;
				CLANG_WARN_DIRECT_OBJC_ISA_USAGE = YES_ERROR;
				CLANG_WARN_EMPTY_BODY = YES;
				CLANG_WARN_ENUM_CONVERSION = YES;
				CLANG_WARN_INT_CONVERSION = YES;
				CLANG_WARN_OBJC_ROOT_CLASS = YES_ERROR;
				CLANG_WARN_UNREACHABLE_CODE = YES;
				CLANG_WARN__DUPLICATE_METHOD_MATCH = YES;
				"CODE_SIGN_IDENTITY[sdk=iphoneos*]" = "iPhone Developer";
				COPY_PHASE_STRIP = NO;
				DEBUG_INFORMATION_FORMAT = "dwarf-with-dsym";
				ENABLE_NS_ASSERTIONS = NO;
				ENABLE_STRICT_OBJC_MSGSEND = YES;
				GCC_C_LANGUAGE_STANDARD = gnu99;
				GCC_NO_COMMON_BLOCKS = YES;
				GCC_WARN_64_TO_32_BIT_CONVERSION = YES;
				GCC_WARN_ABOUT_RETURN_TYPE = YES_ERROR;
				GCC_WARN_UNDECLARED_SELECTOR = YES;
				GCC_WARN_UNINITIALIZED_AUTOS = YES_AGGRESSIVE;
				GCC_WARN_UNUSED_FUNCTION = YES;
				GCC_WARN_UNUSED_VARIABLE = YES;
				IPHONEOS_DEPLOYMENT_TARGET = 9.0;
				MTL_ENABLE_DEBUG_INFO = NO;
				SDKROOT = iphoneos;
				VALIDATE_PRODUCT = YES;
			};
			name = Release;
		};
		70186E601BC8F2350082A71F /* Debug */ = {
			isa = XCBuildConfiguration;
			buildSettings = {
				INFOPLIST_FILE = "04-OS2-tableView WatchKit Extension/Info.plist";
				LD_RUNPATH_SEARCH_PATHS = "$(inherited) @executable_path/Frameworks @executable_path/../../Frameworks";
				PRODUCT_BUNDLE_IDENTIFIER = "com.520it.-4-OS2-tableView.watchkitapp.watchkitextension";
				PRODUCT_NAME = "${TARGET_NAME}";
				SDKROOT = watchos;
				SKIP_INSTALL = YES;
				TARGETED_DEVICE_FAMILY = 4;
				WATCHOS_DEPLOYMENT_TARGET = 2.0;
			};
			name = Debug;
		};
		70186E611BC8F2350082A71F /* Release */ = {
			isa = XCBuildConfiguration;
			buildSettings = {
				INFOPLIST_FILE = "04-OS2-tableView WatchKit Extension/Info.plist";
				LD_RUNPATH_SEARCH_PATHS = "$(inherited) @executable_path/Frameworks @executable_path/../../Frameworks";
				PRODUCT_BUNDLE_IDENTIFIER = "com.520it.-4-OS2-tableView.watchkitapp.watchkitextension";
				PRODUCT_NAME = "${TARGET_NAME}";
				SDKROOT = watchos;
				SKIP_INSTALL = YES;
				TARGETED_DEVICE_FAMILY = 4;
				WATCHOS_DEPLOYMENT_TARGET = 2.0;
			};
			name = Release;
		};
		70186E641BC8F2350082A71F /* Debug */ = {
			isa = XCBuildConfiguration;
			buildSettings = {
				ASSETCATALOG_COMPILER_APPICON_NAME = AppIcon;
				IBSC_MODULE = _4_OS2_tableView_WatchKit_Extension;
				INFOPLIST_FILE = "04-OS2-tableView WatchKit App/Info.plist";
				PRODUCT_BUNDLE_IDENTIFIER = "com.520it.-4-OS2-tableView.watchkitapp";
				PRODUCT_NAME = "$(TARGET_NAME)";
				SDKROOT = watchos;
				SKIP_INSTALL = YES;
				TARGETED_DEVICE_FAMILY = 4;
				WATCHOS_DEPLOYMENT_TARGET = 2.0;
			};
			name = Debug;
		};
		70186E651BC8F2350082A71F /* Release */ = {
			isa = XCBuildConfiguration;
			buildSettings = {
				ASSETCATALOG_COMPILER_APPICON_NAME = AppIcon;
				IBSC_MODULE = _4_OS2_tableView_WatchKit_Extension;
				INFOPLIST_FILE = "04-OS2-tableView WatchKit App/Info.plist";
				PRODUCT_BUNDLE_IDENTIFIER = "com.520it.-4-OS2-tableView.watchkitapp";
				PRODUCT_NAME = "$(TARGET_NAME)";
				SDKROOT = watchos;
				SKIP_INSTALL = YES;
				TARGETED_DEVICE_FAMILY = 4;
				WATCHOS_DEPLOYMENT_TARGET = 2.0;
			};
			name = Release;
		};
		70186E681BC8F2350082A71F /* Debug */ = {
			isa = XCBuildConfiguration;
			buildSettings = {
				ASSETCATALOG_COMPILER_APPICON_NAME = AppIcon;
				INFOPLIST_FILE = "04-OS2-tableView/Info.plist";
				LD_RUNPATH_SEARCH_PATHS = "$(inherited) @executable_path/Frameworks";
				PRODUCT_BUNDLE_IDENTIFIER = "com.520it.-4-OS2-tableView";
				PRODUCT_NAME = "$(TARGET_NAME)";
			};
			name = Debug;
		};
		70186E691BC8F2350082A71F /* Release */ = {
			isa = XCBuildConfiguration;
			buildSettings = {
				ASSETCATALOG_COMPILER_APPICON_NAME = AppIcon;
				INFOPLIST_FILE = "04-OS2-tableView/Info.plist";
				LD_RUNPATH_SEARCH_PATHS = "$(inherited) @executable_path/Frameworks";
				PRODUCT_BUNDLE_IDENTIFIER = "com.520it.-4-OS2-tableView";
				PRODUCT_NAME = "$(TARGET_NAME)";
			};
			name = Release;
		};
		70186E6B1BC8F2350082A71F /* Debug */ = {
			isa = XCBuildConfiguration;
			buildSettings = {
				BUNDLE_LOADER = "$(TEST_HOST)";
				INFOPLIST_FILE = "04-OS2-tableViewTests/Info.plist";
				LD_RUNPATH_SEARCH_PATHS = "$(inherited) @executable_path/Frameworks @loader_path/Frameworks";
				PRODUCT_BUNDLE_IDENTIFIER = "com.520it.-4-OS2-tableViewTests";
				PRODUCT_NAME = "$(TARGET_NAME)";
				TEST_HOST = "$(BUILT_PRODUCTS_DIR)/04-OS2-tableView.app/04-OS2-tableView";
			};
			name = Debug;
		};
		70186E6C1BC8F2350082A71F /* Release */ = {
			isa = XCBuildConfiguration;
			buildSettings = {
				BUNDLE_LOADER = "$(TEST_HOST)";
				INFOPLIST_FILE = "04-OS2-tableViewTests/Info.plist";
				LD_RUNPATH_SEARCH_PATHS = "$(inherited) @executable_path/Frameworks @loader_path/Frameworks";
				PRODUCT_BUNDLE_IDENTIFIER = "com.520it.-4-OS2-tableViewTests";
				PRODUCT_NAME = "$(TARGET_NAME)";
				TEST_HOST = "$(BUILT_PRODUCTS_DIR)/04-OS2-tableView.app/04-OS2-tableView";
			};
			name = Release;
		};
		70186E6E1BC8F2350082A71F /* Debug */ = {
			isa = XCBuildConfiguration;
			buildSettings = {
				INFOPLIST_FILE = "04-OS2-tableViewUITests/Info.plist";
				LD_RUNPATH_SEARCH_PATHS = "$(inherited) @executable_path/Frameworks @loader_path/Frameworks";
				PRODUCT_BUNDLE_IDENTIFIER = "com.520it.-4-OS2-tableViewUITests";
				PRODUCT_NAME = "$(TARGET_NAME)";
				TEST_TARGET_NAME = "04-OS2-tableView";
				USES_XCTRUNNER = YES;
			};
			name = Debug;
		};
		70186E6F1BC8F2350082A71F /* Release */ = {
			isa = XCBuildConfiguration;
			buildSettings = {
				INFOPLIST_FILE = "04-OS2-tableViewUITests/Info.plist";
				LD_RUNPATH_SEARCH_PATHS = "$(inherited) @executable_path/Frameworks @loader_path/Frameworks";
				PRODUCT_BUNDLE_IDENTIFIER = "com.520it.-4-OS2-tableViewUITests";
				PRODUCT_NAME = "$(TARGET_NAME)";
				TEST_TARGET_NAME = "04-OS2-tableView";
				USES_XCTRUNNER = YES;
			};
			name = Release;
		};
/* End XCBuildConfiguration section */

/* Begin XCConfigurationList section */
		70186E091BC8F2350082A71F /* Build configuration list for PBXProject "04-OS2-tableView" */ = {
			isa = XCConfigurationList;
			buildConfigurations = (
				70186E5D1BC8F2350082A71F /* Debug */,
				70186E5E1BC8F2350082A71F /* Release */,
			);
			defaultConfigurationIsVisible = 0;
			defaultConfigurationName = Release;
		};
		70186E5F1BC8F2350082A71F /* Build configuration list for PBXNativeTarget "04-OS2-tableView WatchKit Extension" */ = {
			isa = XCConfigurationList;
			buildConfigurations = (
				70186E601BC8F2350082A71F /* Debug */,
				70186E611BC8F2350082A71F /* Release */,
			);
			defaultConfigurationIsVisible = 0;
		};
		70186E631BC8F2350082A71F /* Build configuration list for PBXNativeTarget "04-OS2-tableView WatchKit App" */ = {
			isa = XCConfigurationList;
			buildConfigurations = (
				70186E641BC8F2350082A71F /* Debug */,
				70186E651BC8F2350082A71F /* Release */,
			);
			defaultConfigurationIsVisible = 0;
		};
		70186E671BC8F2350082A71F /* Build configuration list for PBXNativeTarget "04-OS2-tableView" */ = {
			isa = XCConfigurationList;
			buildConfigurations = (
				70186E681BC8F2350082A71F /* Debug */,
				70186E691BC8F2350082A71F /* Release */,
			);
			defaultConfigurationIsVisible = 0;
		};
		70186E6A1BC8F2350082A71F /* Build configuration list for PBXNativeTarget "04-OS2-tableViewTests" */ = {
			isa = XCConfigurationList;
			buildConfigurations = (
				70186E6B1BC8F2350082A71F /* Debug */,
				70186E6C1BC8F2350082A71F /* Release */,
			);
			defaultConfigurationIsVisible = 0;
		};
		70186E6D1BC8F2350082A71F /* Build configuration list for PBXNativeTarget "04-OS2-tableViewUITests" */ = {
			isa = XCConfigurationList;
			buildConfigurations = (
				70186E6E1BC8F2350082A71F /* Debug */,
				70186E6F1BC8F2350082A71F /* Release */,
			);
			defaultConfigurationIsVisible = 0;
		};
/* End XCConfigurationList section */
	};
	rootObject = 70186E061BC8F2350082A71F /* Project object */;
}
